// !$*UTF8*$!
{
	archiveVersion = 1;
	classes = {
	};
	objectVersion = 48;
	objects = {

/* Begin PBXBuildFile section */
		33B7A7812075E2EC00FA929C /* AppDelegate.swift in Sources */ = {isa = PBXBuildFile; fileRef = 33B7A7802075E2EC00FA929C /* AppDelegate.swift */; };
		33B7A7832075E2EC00FA929C /* ViewController.swift in Sources */ = {isa = PBXBuildFile; fileRef = 33B7A7822075E2EC00FA929C /* ViewController.swift */; };
		33B7A7862075E2EC00FA929C /* Main.storyboard in Resources */ = {isa = PBXBuildFile; fileRef = 33B7A7842075E2EC00FA929C /* Main.storyboard */; };
		33B7A7882075E2EC00FA929C /* Assets.xcassets in Resources */ = {isa = PBXBuildFile; fileRef = 33B7A7872075E2EC00FA929C /* Assets.xcassets */; };
		33B7A78B2075E2EC00FA929C /* LaunchScreen.storyboard in Resources */ = {isa = PBXBuildFile; fileRef = 33B7A7892075E2EC00FA929C /* LaunchScreen.storyboard */; };
		33B7A79A2075E36200FA929C /* IntentHandler.swift in Sources */ = {isa = PBXBuildFile; fileRef = 33B7A7992075E36200FA929C /* IntentHandler.swift */; };
		33B7A7A32075E36200FA929C /* IntentsUI.framework in Frameworks */ = {isa = PBXBuildFile; fileRef = 33B7A7A22075E36200FA929C /* IntentsUI.framework */; };
		33B7A7A62075E36200FA929C /* IntentViewController.swift in Sources */ = {isa = PBXBuildFile; fileRef = 33B7A7A52075E36200FA929C /* IntentViewController.swift */; };
		33B7A7A92075E36200FA929C /* MainInterface.storyboard in Resources */ = {isa = PBXBuildFile; fileRef = 33B7A7A72075E36200FA929C /* MainInterface.storyboard */; };
		33B7A7AD2075E36200FA929C /* ExtensionUI.appex in Embed App Extensions */ = {isa = PBXBuildFile; fileRef = 33B7A7A02075E36200FA929C /* ExtensionUI.appex */; settings = {ATTRIBUTES = (RemoveHeadersOnCopy, ); }; };
		33B7A7B02075E36200FA929C /* Extension.appex in Embed App Extensions */ = {isa = PBXBuildFile; fileRef = 33B7A7972075E36200FA929C /* Extension.appex */; settings = {ATTRIBUTES = (RemoveHeadersOnCopy, ); }; };
		33B7A7B92075E42900FA929C /* ATSearchForAccountsIntentHandler.swift in Sources */ = {isa = PBXBuildFile; fileRef = 33B7A7B82075E42900FA929C /* ATSearchForAccountsIntentHandler.swift */; };
		33B99DB920776D5A00A5BB74 /* AppIntentVocabulary.plist in Resources */ = {isa = PBXBuildFile; fileRef = 33B99DB720776D5A00A5BB74 /* AppIntentVocabulary.plist */; };
		33B99DBB2077700500A5BB74 /* BankAccount.swift in Sources */ = {isa = PBXBuildFile; fileRef = 33B7A7BA2075E4F500FA929C /* BankAccount.swift */; };
/* End PBXBuildFile section */

/* Begin PBXContainerItemProxy section */
		33B7A7AB2075E36200FA929C /* PBXContainerItemProxy */ = {
			isa = PBXContainerItemProxy;
			containerPortal = 33B7A7752075E2EC00FA929C /* Project object */;
			proxyType = 1;
			remoteGlobalIDString = 33B7A79F2075E36200FA929C;
			remoteInfo = ExtensionUI;
		};
		33B7A7AE2075E36200FA929C /* PBXContainerItemProxy */ = {
			isa = PBXContainerItemProxy;
			containerPortal = 33B7A7752075E2EC00FA929C /* Project object */;
			proxyType = 1;
			remoteGlobalIDString = 33B7A7962075E36200FA929C;
			remoteInfo = Extension;
		};
/* End PBXContainerItemProxy section */

/* Begin PBXCopyFilesBuildPhase section */
		33B7A7B72075E36200FA929C /* Embed App Extensions */ = {
			isa = PBXCopyFilesBuildPhase;
			buildActionMask = 2147483647;
			dstPath = "";
			dstSubfolderSpec = 13;
			files = (
				33B7A7B02075E36200FA929C /* Extension.appex in Embed App Extensions */,
				33B7A7AD2075E36200FA929C /* ExtensionUI.appex in Embed App Extensions */,
			);
			name = "Embed App Extensions";
			runOnlyForDeploymentPostprocessing = 0;
		};
/* End PBXCopyFilesBuildPhase section */

/* Begin PBXFileReference section */
		33B7A77D2075E2EC00FA929C /* Account TZ.app */ = {isa = PBXFileReference; explicitFileType = wrapper.application; includeInIndex = 0; path = "Account TZ.app"; sourceTree = BUILT_PRODUCTS_DIR; };
		33B7A7802075E2EC00FA929C /* AppDelegate.swift */ = {isa = PBXFileReference; lastKnownFileType = sourcecode.swift; path = AppDelegate.swift; sourceTree = "<group>"; };
		33B7A7822075E2EC00FA929C /* ViewController.swift */ = {isa = PBXFileReference; lastKnownFileType = sourcecode.swift; path = ViewController.swift; sourceTree = "<group>"; };
		33B7A7852075E2EC00FA929C /* Base */ = {isa = PBXFileReference; lastKnownFileType = file.storyboard; name = Base; path = Base.lproj/Main.storyboard; sourceTree = "<group>"; };
		33B7A7872075E2EC00FA929C /* Assets.xcassets */ = {isa = PBXFileReference; lastKnownFileType = folder.assetcatalog; path = Assets.xcassets; sourceTree = "<group>"; };
		33B7A78A2075E2EC00FA929C /* Base */ = {isa = PBXFileReference; lastKnownFileType = file.storyboard; name = Base; path = Base.lproj/LaunchScreen.storyboard; sourceTree = "<group>"; };
		33B7A78C2075E2EC00FA929C /* Info.plist */ = {isa = PBXFileReference; lastKnownFileType = text.plist.xml; path = Info.plist; sourceTree = "<group>"; };
		33B7A7922075E2F900FA929C /* Account TZ.entitlements */ = {isa = PBXFileReference; lastKnownFileType = text.plist.entitlements; path = "Account TZ.entitlements"; sourceTree = "<group>"; };
		33B7A7972075E36200FA929C /* Extension.appex */ = {isa = PBXFileReference; explicitFileType = "wrapper.app-extension"; includeInIndex = 0; path = Extension.appex; sourceTree = BUILT_PRODUCTS_DIR; };
		33B7A7992075E36200FA929C /* IntentHandler.swift */ = {isa = PBXFileReference; lastKnownFileType = sourcecode.swift; path = IntentHandler.swift; sourceTree = "<group>"; };
		33B7A79B2075E36200FA929C /* Info.plist */ = {isa = PBXFileReference; lastKnownFileType = text.plist.xml; path = Info.plist; sourceTree = "<group>"; };
		33B7A7A02075E36200FA929C /* ExtensionUI.appex */ = {isa = PBXFileReference; explicitFileType = "wrapper.app-extension"; includeInIndex = 0; path = ExtensionUI.appex; sourceTree = BUILT_PRODUCTS_DIR; };
		33B7A7A22075E36200FA929C /* IntentsUI.framework */ = {isa = PBXFileReference; lastKnownFileType = wrapper.framework; name = IntentsUI.framework; path = System/Library/Frameworks/IntentsUI.framework; sourceTree = SDKROOT; };
		33B7A7A52075E36200FA929C /* IntentViewController.swift */ = {isa = PBXFileReference; lastKnownFileType = sourcecode.swift; path = IntentViewController.swift; sourceTree = "<group>"; };
		33B7A7A82075E36200FA929C /* Base */ = {isa = PBXFileReference; lastKnownFileType = file.storyboard; name = Base; path = Base.lproj/MainInterface.storyboard; sourceTree = "<group>"; };
		33B7A7AA2075E36200FA929C /* Info.plist */ = {isa = PBXFileReference; lastKnownFileType = text.plist.xml; path = Info.plist; sourceTree = "<group>"; };
		33B7A7B82075E42900FA929C /* ATSearchForAccountsIntentHandler.swift */ = {isa = PBXFileReference; lastKnownFileType = sourcecode.swift; path = ATSearchForAccountsIntentHandler.swift; sourceTree = "<group>"; usesTabs = 1; };
		33B7A7BA2075E4F500FA929C /* BankAccount.swift */ = {isa = PBXFileReference; lastKnownFileType = sourcecode.swift; path = BankAccount.swift; sourceTree = "<group>"; };
		33B99DB820776D5A00A5BB74 /* Base */ = {isa = PBXFileReference; lastKnownFileType = text.plist.xml; name = Base; path = Base.lproj/AppIntentVocabulary.plist; sourceTree = "<group>"; };
/* End PBXFileReference section */

/* Begin PBXFrameworksBuildPhase section */
		33B7A77A2075E2EC00FA929C /* Frameworks */ = {
			isa = PBXFrameworksBuildPhase;
			buildActionMask = 2147483647;
			files = (
			);
			runOnlyForDeploymentPostprocessing = 0;
		};
		33B7A7942075E36200FA929C /* Frameworks */ = {
			isa = PBXFrameworksBuildPhase;
			buildActionMask = 2147483647;
			files = (
			);
			runOnlyForDeploymentPostprocessing = 0;
		};
		33B7A79D2075E36200FA929C /* Frameworks */ = {
			isa = PBXFrameworksBuildPhase;
			buildActionMask = 2147483647;
			files = (
				33B7A7A32075E36200FA929C /* IntentsUI.framework in Frameworks */,
			);
			runOnlyForDeploymentPostprocessing = 0;
		};
/* End PBXFrameworksBuildPhase section */

/* Begin PBXGroup section */
		33B7A7742075E2EC00FA929C = {
			isa = PBXGroup;
			children = (
				33B7A77F2075E2EC00FA929C /* Account TZ */,
				33B7A7982075E36200FA929C /* Extension */,
				33B7A7A42075E36200FA929C /* ExtensionUI */,
				33B7A7A12075E36200FA929C /* Frameworks */,
				33B7A77E2075E2EC00FA929C /* Products */,
			);
			sourceTree = "<group>";
		};
		33B7A77E2075E2EC00FA929C /* Products */ = {
			isa = PBXGroup;
			children = (
				33B7A77D2075E2EC00FA929C /* Account TZ.app */,
				33B7A7972075E36200FA929C /* Extension.appex */,
				33B7A7A02075E36200FA929C /* ExtensionUI.appex */,
			);
			name = Products;
			sourceTree = "<group>";
		};
		33B7A77F2075E2EC00FA929C /* Account TZ */ = {
			isa = PBXGroup;
			children = (
				33B7A7922075E2F900FA929C /* Account TZ.entitlements */,
				33B7A7802075E2EC00FA929C /* AppDelegate.swift */,
				33B7A7822075E2EC00FA929C /* ViewController.swift */,
				33B7A7842075E2EC00FA929C /* Main.storyboard */,
				33B99DB720776D5A00A5BB74 /* AppIntentVocabulary.plist */,
				33B7A7872075E2EC00FA929C /* Assets.xcassets */,
				33B7A7892075E2EC00FA929C /* LaunchScreen.storyboard */,
				33B7A78C2075E2EC00FA929C /* Info.plist */,
			);
			path = "Account TZ";
			sourceTree = "<group>";
		};
		33B7A7982075E36200FA929C /* Extension */ = {
			isa = PBXGroup;
			children = (
				33B7A7992075E36200FA929C /* IntentHandler.swift */,
				33B7A79B2075E36200FA929C /* Info.plist */,
				33B7A7B82075E42900FA929C /* ATSearchForAccountsIntentHandler.swift */,
				33B7A7BA2075E4F500FA929C /* BankAccount.swift */,
			);
			path = Extension;
			sourceTree = "<group>";
		};
		33B7A7A12075E36200FA929C /* Frameworks */ = {
			isa = PBXGroup;
			children = (
				33B7A7A22075E36200FA929C /* IntentsUI.framework */,
			);
			name = Frameworks;
			sourceTree = "<group>";
		};
		33B7A7A42075E36200FA929C /* ExtensionUI */ = {
			isa = PBXGroup;
			children = (
				33B7A7A52075E36200FA929C /* IntentViewController.swift */,
				33B7A7A72075E36200FA929C /* MainInterface.storyboard */,
				33B7A7AA2075E36200FA929C /* Info.plist */,
			);
			path = ExtensionUI;
			sourceTree = "<group>";
		};
/* End PBXGroup section */

/* Begin PBXNativeTarget section */
		33B7A77C2075E2EC00FA929C /* Account TZ */ = {
			isa = PBXNativeTarget;
			buildConfigurationList = 33B7A78F2075E2EC00FA929C /* Build configuration list for PBXNativeTarget "Account TZ" */;
			buildPhases = (
				33B7A7792075E2EC00FA929C /* Sources */,
				33B7A77A2075E2EC00FA929C /* Frameworks */,
				33B7A77B2075E2EC00FA929C /* Resources */,
				33B7A7B72075E36200FA929C /* Embed App Extensions */,
			);
			buildRules = (
			);
			dependencies = (
				33B7A7AC2075E36200FA929C /* PBXTargetDependency */,
				33B7A7AF2075E36200FA929C /* PBXTargetDependency */,
			);
			name = "Account TZ";
			productName = "Account TZ";
			productReference = 33B7A77D2075E2EC00FA929C /* Account TZ.app */;
			productType = "com.apple.product-type.application";
		};
		33B7A7962075E36200FA929C /* Extension */ = {
			isa = PBXNativeTarget;
			buildConfigurationList = 33B7A7B42075E36200FA929C /* Build configuration list for PBXNativeTarget "Extension" */;
			buildPhases = (
				33B7A7932075E36200FA929C /* Sources */,
				33B7A7942075E36200FA929C /* Frameworks */,
				33B7A7952075E36200FA929C /* Resources */,
			);
			buildRules = (
			);
			dependencies = (
			);
			name = Extension;
			productName = Extension;
			productReference = 33B7A7972075E36200FA929C /* Extension.appex */;
			productType = "com.apple.product-type.app-extension";
		};
		33B7A79F2075E36200FA929C /* ExtensionUI */ = {
			isa = PBXNativeTarget;
			buildConfigurationList = 33B7A7B12075E36200FA929C /* Build configuration list for PBXNativeTarget "ExtensionUI" */;
			buildPhases = (
				33B7A79C2075E36200FA929C /* Sources */,
				33B7A79D2075E36200FA929C /* Frameworks */,
				33B7A79E2075E36200FA929C /* Resources */,
			);
			buildRules = (
			);
			dependencies = (
			);
			name = ExtensionUI;
			productName = ExtensionUI;
			productReference = 33B7A7A02075E36200FA929C /* ExtensionUI.appex */;
			productType = "com.apple.product-type.app-extension";
		};
/* End PBXNativeTarget section */

/* Begin PBXProject section */
		33B7A7752075E2EC00FA929C /* Project object */ = {
			isa = PBXProject;
			attributes = {
				LastSwiftUpdateCheck = 0920;
				LastUpgradeCheck = 0920;
				ORGANIZATIONNAME = dzhi;
				TargetAttributes = {
					33B7A77C2075E2EC00FA929C = {
						CreatedOnToolsVersion = 9.2;
						ProvisioningStyle = Manual;
						SystemCapabilities = {
							com.apple.Siri = {
								enabled = 1;
							};
						};
					};
					33B7A7962075E36200FA929C = {
						CreatedOnToolsVersion = 9.2;
						ProvisioningStyle = Manual;
					};
					33B7A79F2075E36200FA929C = {
						CreatedOnToolsVersion = 9.2;
						ProvisioningStyle = Manual;
					};
				};
			};
			buildConfigurationList = 33B7A7782075E2EC00FA929C /* Build configuration list for PBXProject "Account TZ" */;
			compatibilityVersion = "Xcode 8.0";
			developmentRegion = en;
			hasScannedForEncodings = 0;
			knownRegions = (
				en,
				Base,
			);
			mainGroup = 33B7A7742075E2EC00FA929C;
			productRefGroup = 33B7A77E2075E2EC00FA929C /* Products */;
			projectDirPath = "";
			projectRoot = "";
			targets = (
				33B7A77C2075E2EC00FA929C /* Account TZ */,
				33B7A7962075E36200FA929C /* Extension */,
				33B7A79F2075E36200FA929C /* ExtensionUI */,
			);
		};
/* End PBXProject section */

/* Begin PBXResourcesBuildPhase section */
		33B7A77B2075E2EC00FA929C /* Resources */ = {
			isa = PBXResourcesBuildPhase;
			buildActionMask = 2147483647;
			files = (
				33B7A78B2075E2EC00FA929C /* LaunchScreen.storyboard in Resources */,
				33B7A7882075E2EC00FA929C /* Assets.xcassets in Resources */,
				33B99DB920776D5A00A5BB74 /* AppIntentVocabulary.plist in Resources */,
				33B7A7862075E2EC00FA929C /* Main.storyboard in Resources */,
			);
			runOnlyForDeploymentPostprocessing = 0;
		};
		33B7A7952075E36200FA929C /* Resources */ = {
			isa = PBXResourcesBuildPhase;
			buildActionMask = 2147483647;
			files = (
			);
			runOnlyForDeploymentPostprocessing = 0;
		};
		33B7A79E2075E36200FA929C /* Resources */ = {
			isa = PBXResourcesBuildPhase;
			buildActionMask = 2147483647;
			files = (
				33B7A7A92075E36200FA929C /* MainInterface.storyboard in Resources */,
			);
			runOnlyForDeploymentPostprocessing = 0;
		};
/* End PBXResourcesBuildPhase section */

/* Begin PBXSourcesBuildPhase section */
		33B7A7792075E2EC00FA929C /* Sources */ = {
			isa = PBXSourcesBuildPhase;
			buildActionMask = 2147483647;
			files = (
				33B7A7832075E2EC00FA929C /* ViewController.swift in Sources */,
				33B7A7812075E2EC00FA929C /* AppDelegate.swift in Sources */,
			);
			runOnlyForDeploymentPostprocessing = 0;
		};
		33B7A7932075E36200FA929C /* Sources */ = {
			isa = PBXSourcesBuildPhase;
			buildActionMask = 2147483647;
			files = (
				33B7A79A2075E36200FA929C /* IntentHandler.swift in Sources */,
				33B99DBB2077700500A5BB74 /* BankAccount.swift in Sources */,
				33B7A7B92075E42900FA929C /* ATSearchForAccountsIntentHandler.swift in Sources */,
			);
			runOnlyForDeploymentPostprocessing = 0;
		};
		33B7A79C2075E36200FA929C /* Sources */ = {
			isa = PBXSourcesBuildPhase;
			buildActionMask = 2147483647;
			files = (
				33B7A7A62075E36200FA929C /* IntentViewController.swift in Sources */,
			);
			runOnlyForDeploymentPostprocessing = 0;
		};
/* End PBXSourcesBuildPhase section */

/* Begin PBXTargetDependency section */
		33B7A7AC2075E36200FA929C /* PBXTargetDependency */ = {
			isa = PBXTargetDependency;
			target = 33B7A79F2075E36200FA929C /* ExtensionUI */;
			targetProxy = 33B7A7AB2075E36200FA929C /* PBXContainerItemProxy */;
		};
		33B7A7AF2075E36200FA929C /* PBXTargetDependency */ = {
			isa = PBXTargetDependency;
			target = 33B7A7962075E36200FA929C /* Extension */;
			targetProxy = 33B7A7AE2075E36200FA929C /* PBXContainerItemProxy */;
		};
/* End PBXTargetDependency section */

/* Begin PBXVariantGroup section */
		33B7A7842075E2EC00FA929C /* Main.storyboard */ = {
			isa = PBXVariantGroup;
			children = (
				33B7A7852075E2EC00FA929C /* Base */,
			);
			name = Main.storyboard;
			sourceTree = "<group>";
		};
		33B7A7892075E2EC00FA929C /* LaunchScreen.storyboard */ = {
			isa = PBXVariantGroup;
			children = (
				33B7A78A2075E2EC00FA929C /* Base */,
			);
			name = LaunchScreen.storyboard;
			sourceTree = "<group>";
		};
		33B7A7A72075E36200FA929C /* MainInterface.storyboard */ = {
			isa = PBXVariantGroup;
			children = (
				33B7A7A82075E36200FA929C /* Base */,
			);
			name = MainInterface.storyboard;
			sourceTree = "<group>";
		};
		33B99DB720776D5A00A5BB74 /* AppIntentVocabulary.plist */ = {
			isa = PBXVariantGroup;
			children = (
				33B99DB820776D5A00A5BB74 /* Base */,
			);
			name = AppIntentVocabulary.plist;
			sourceTree = "<group>";
		};
/* End PBXVariantGroup section */

/* Begin XCBuildConfiguration section */
		33B7A78D2075E2EC00FA929C /* Debug */ = {
			isa = XCBuildConfiguration;
			buildSettings = {
				ALWAYS_SEARCH_USER_PATHS = NO;
				CLANG_ANALYZER_NONNULL = YES;
				CLANG_ANALYZER_NUMBER_OBJECT_CONVERSION = YES_AGGRESSIVE;
				CLANG_CXX_LANGUAGE_STANDARD = "gnu++14";
				CLANG_CXX_LIBRARY = "libc++";
				CLANG_ENABLE_MODULES = YES;
				CLANG_ENABLE_OBJC_ARC = YES;
				CLANG_WARN_BLOCK_CAPTURE_AUTORELEASING = YES;
				CLANG_WARN_BOOL_CONVERSION = YES;
				CLANG_WARN_COMMA = YES;
				CLANG_WARN_CONSTANT_CONVERSION = YES;
				CLANG_WARN_DIRECT_OBJC_ISA_USAGE = YES_ERROR;
				CLANG_WARN_DOCUMENTATION_COMMENTS = YES;
				CLANG_WARN_EMPTY_BODY = YES;
				CLANG_WARN_ENUM_CONVERSION = YES;
				CLANG_WARN_INFINITE_RECURSION = YES;
				CLANG_WARN_INT_CONVERSION = YES;
				CLANG_WARN_NON_LITERAL_NULL_CONVERSION = YES;
				CLANG_WARN_OBJC_LITERAL_CONVERSION = YES;
				CLANG_WARN_OBJC_ROOT_CLASS = YES_ERROR;
				CLANG_WARN_RANGE_LOOP_ANALYSIS = YES;
				CLANG_WARN_STRICT_PROTOTYPES = YES;
				CLANG_WARN_SUSPICIOUS_MOVE = YES;
				CLANG_WARN_UNGUARDED_AVAILABILITY = YES_AGGRESSIVE;
				CLANG_WARN_UNREACHABLE_CODE = YES;
				CLANG_WARN__DUPLICATE_METHOD_MATCH = YES;
				CODE_SIGN_IDENTITY = "iPhone Developer";
				CODE_SIGN_STYLE = Manual;
				COPY_PHASE_STRIP = NO;
				DEBUG_INFORMATION_FORMAT = dwarf;
				ENABLE_STRICT_OBJC_MSGSEND = YES;
				ENABLE_TESTABILITY = YES;
				GCC_C_LANGUAGE_STANDARD = gnu11;
				GCC_DYNAMIC_NO_PIC = NO;
				GCC_NO_COMMON_BLOCKS = YES;
				GCC_OPTIMIZATION_LEVEL = 0;
				GCC_PREPROCESSOR_DEFINITIONS = (
					"DEBUG=1",
					"$(inherited)",
				);
				GCC_WARN_64_TO_32_BIT_CONVERSION = YES;
				GCC_WARN_ABOUT_RETURN_TYPE = YES_ERROR;
				GCC_WARN_UNDECLARED_SELECTOR = YES;
				GCC_WARN_UNINITIALIZED_AUTOS = YES_AGGRESSIVE;
				GCC_WARN_UNUSED_FUNCTION = YES;
				GCC_WARN_UNUSED_VARIABLE = YES;
				IPHONEOS_DEPLOYMENT_TARGET = 11.2;
				MTL_ENABLE_DEBUG_INFO = YES;
				ONLY_ACTIVE_ARCH = YES;
				SDKROOT = iphoneos;
				SWIFT_ACTIVE_COMPILATION_CONDITIONS = DEBUG;
				SWIFT_OPTIMIZATION_LEVEL = "-Onone";
			};
			name = Debug;
		};
		33B7A78E2075E2EC00FA929C /* Release */ = {
			isa = XCBuildConfiguration;
			buildSettings = {
				ALWAYS_SEARCH_USER_PATHS = NO;
				CLANG_ANALYZER_NONNULL = YES;
				CLANG_ANALYZER_NUMBER_OBJECT_CONVERSION = YES_AGGRESSIVE;
				CLANG_CXX_LANGUAGE_STANDARD = "gnu++14";
				CLANG_CXX_LIBRARY = "libc++";
				CLANG_ENABLE_MODULES = YES;
				CLANG_ENABLE_OBJC_ARC = YES;
				CLANG_WARN_BLOCK_CAPTURE_AUTORELEASING = YES;
				CLANG_WARN_BOOL_CONVERSION = YES;
				CLANG_WARN_COMMA = YES;
				CLANG_WARN_CONSTANT_CONVERSION = YES;
				CLANG_WARN_DIRECT_OBJC_ISA_USAGE = YES_ERROR;
				CLANG_WARN_DOCUMENTATION_COMMENTS = YES;
				CLANG_WARN_EMPTY_BODY = YES;
				CLANG_WARN_ENUM_CONVERSION = YES;
				CLANG_WARN_INFINITE_RECURSION = YES;
				CLANG_WARN_INT_CONVERSION = YES;
				CLANG_WARN_NON_LITERAL_NULL_CONVERSION = YES;
				CLANG_WARN_OBJC_LITERAL_CONVERSION = YES;
				CLANG_WARN_OBJC_ROOT_CLASS = YES_ERROR;
				CLANG_WARN_RANGE_LOOP_ANALYSIS = YES;
				CLANG_WARN_STRICT_PROTOTYPES = YES;
				CLANG_WARN_SUSPICIOUS_MOVE = YES;
				CLANG_WARN_UNGUARDED_AVAILABILITY = YES_AGGRESSIVE;
				CLANG_WARN_UNREACHABLE_CODE = YES;
				CLANG_WARN__DUPLICATE_METHOD_MATCH = YES;
				CODE_SIGN_IDENTITY = "iPhone Developer";
				CODE_SIGN_STYLE = Manual;
				COPY_PHASE_STRIP = NO;
				DEBUG_INFORMATION_FORMAT = "dwarf-with-dsym";
				ENABLE_NS_ASSERTIONS = NO;
				ENABLE_STRICT_OBJC_MSGSEND = YES;
				GCC_C_LANGUAGE_STANDARD = gnu11;
				GCC_NO_COMMON_BLOCKS = YES;
				GCC_WARN_64_TO_32_BIT_CONVERSION = YES;
				GCC_WARN_ABOUT_RETURN_TYPE = YES_ERROR;
				GCC_WARN_UNDECLARED_SELECTOR = YES;
				GCC_WARN_UNINITIALIZED_AUTOS = YES_AGGRESSIVE;
				GCC_WARN_UNUSED_FUNCTION = YES;
				GCC_WARN_UNUSED_VARIABLE = YES;
				IPHONEOS_DEPLOYMENT_TARGET = 11.2;
				MTL_ENABLE_DEBUG_INFO = NO;
				SDKROOT = iphoneos;
				SWIFT_OPTIMIZATION_LEVEL = "-Owholemodule";
				VALIDATE_PRODUCT = YES;
			};
			name = Release;
		};
		33B7A7902075E2EC00FA929C /* Debug */ = {
			isa = XCBuildConfiguration;
			buildSettings = {
				ALWAYS_EMBED_SWIFT_STANDARD_LIBRARIES = YES;
				ASSETCATALOG_COMPILER_APPICON_NAME = AppIcon;
				CODE_SIGN_ENTITLEMENTS = "Account TZ/Account TZ.entitlements";
				CODE_SIGN_STYLE = Manual;
				DEVELOPMENT_TEAM = R6XJ7CEMCJ;
				INFOPLIST_FILE = "Account TZ/Info.plist";
				LD_RUNPATH_SEARCH_PATHS = "$(inherited) @executable_path/Frameworks";
				PRODUCT_BUNDLE_IDENTIFIER = "com.dzhi.dev.Account-TZ";
				PRODUCT_NAME = "$(TARGET_NAME)";
				PROVISIONING_PROFILE = "4b89ab8a-b37f-4c99-a2ed-7ff23daa5b20";
				PROVISIONING_PROFILE_SPECIFIER = "DZHI Dev Wildcard";
				SWIFT_VERSION = 4.0;
				TARGETED_DEVICE_FAMILY = "1,2";
			};
			name = Debug;
		};
		33B7A7912075E2EC00FA929C /* Release */ = {
			isa = XCBuildConfiguration;
			buildSettings = {
				ALWAYS_EMBED_SWIFT_STANDARD_LIBRARIES = YES;
				ASSETCATALOG_COMPILER_APPICON_NAME = AppIcon;
				CODE_SIGN_ENTITLEMENTS = "Account TZ/Account TZ.entitlements";
				CODE_SIGN_STYLE = Manual;
				DEVELOPMENT_TEAM = R6XJ7CEMCJ;
				INFOPLIST_FILE = "Account TZ/Info.plist";
				LD_RUNPATH_SEARCH_PATHS = "$(inherited) @executable_path/Frameworks";
				PRODUCT_BUNDLE_IDENTIFIER = "com.dzhi.dev.Account-TZ";
				PRODUCT_NAME = "$(TARGET_NAME)";
				PROVISIONING_PROFILE = "4b89ab8a-b37f-4c99-a2ed-7ff23daa5b20";
				PROVISIONING_PROFILE_SPECIFIER = "DZHI Dev Wildcard";
				SWIFT_VERSION = 4.0;
				TARGETED_DEVICE_FAMILY = "1,2";
			};
			name = Release;
		};
		33B7A7B22075E36200FA929C /* Debug */ = {
			isa = XCBuildConfiguration;
			buildSettings = {
				CODE_SIGN_STYLE = Manual;
				DEVELOPMENT_TEAM = R6XJ7CEMCJ;
				INFOPLIST_FILE = ExtensionUI/Info.plist;
				LD_RUNPATH_SEARCH_PATHS = "$(inherited) @executable_path/Frameworks @executable_path/../../Frameworks";
				PRODUCT_BUNDLE_IDENTIFIER = "com.dzhi.dev.Account-TZ.ExtensionUI";
				PRODUCT_NAME = "$(TARGET_NAME)";
				PROVISIONING_PROFILE = "4b89ab8a-b37f-4c99-a2ed-7ff23daa5b20";
				PROVISIONING_PROFILE_SPECIFIER = "DZHI Dev Wildcard";
				SKIP_INSTALL = YES;
				SWIFT_VERSION = 4.0;
				TARGETED_DEVICE_FAMILY = "1,2";
			};
			name = Debug;
		};
		33B7A7B32075E36200FA929C /* Release */ = {
			isa = XCBuildConfiguration;
			buildSettings = {
				CODE_SIGN_STYLE = Manual;
				DEVELOPMENT_TEAM = R6XJ7CEMCJ;
				INFOPLIST_FILE = ExtensionUI/Info.plist;
				LD_RUNPATH_SEARCH_PATHS = "$(inherited) @executable_path/Frameworks @executable_path/../../Frameworks";
				PRODUCT_BUNDLE_IDENTIFIER = "com.dzhi.dev.Account-TZ.ExtensionUI";
				PRODUCT_NAME = "$(TARGET_NAME)";
				PROVISIONING_PROFILE = "4b89ab8a-b37f-4c99-a2ed-7ff23daa5b20";
				PROVISIONING_PROFILE_SPECIFIER = "DZHI Dev Wildcard";
				SKIP_INSTALL = YES;
				SWIFT_VERSION = 4.0;
				TARGETED_DEVICE_FAMILY = "1,2";
			};
			name = Release;
		};
		33B7A7B52075E36200FA929C /* Debug */ = {
			isa = XCBuildConfiguration;
			buildSettings = {
				CODE_SIGN_STYLE = Manual;
				DEVELOPMENT_TEAM = R6XJ7CEMCJ;
				INFOPLIST_FILE = Extension/Info.plist;
				LD_RUNPATH_SEARCH_PATHS = "$(inherited) @executable_path/Frameworks @executable_path/../../Frameworks";
				PRODUCT_BUNDLE_IDENTIFIER = "com.dzhi.dev.Account-TZ.Extension";
				PRODUCT_NAME = "$(TARGET_NAME)";
				PROVISIONING_PROFILE = "4b89ab8a-b37f-4c99-a2ed-7ff23daa5b20";
				PROVISIONING_PROFILE_SPECIFIER = "DZHI Dev Wildcard";
				SKIP_INSTALL = YES;
				SWIFT_VERSION = 4.0;
				TARGETED_DEVICE_FAMILY = "1,2";
			};
			name = Debug;
		};
		33B7A7B62075E36200FA929C /* Release */ = {
			isa = XCBuildConfiguration;
			buildSettings = {
				CODE_SIGN_STYLE = Manual;
				DEVELOPMENT_TEAM = R6XJ7CEMCJ;
				INFOPLIST_FILE = Extension/Info.plist;
				LD_RUNPATH_SEARCH_PATHS = "$(inherited) @executable_path/Frameworks @executable_path/../../Frameworks";
				PRODUCT_BUNDLE_IDENTIFIER = "com.dzhi.dev.Account-TZ.Extension";
				PRODUCT_NAME = "$(TARGET_NAME)";
				PROVISIONING_PROFILE = "4b89ab8a-b37f-4c99-a2ed-7ff23daa5b20";
				PROVISIONING_PROFILE_SPECIFIER = "DZHI Dev Wildcard";
				SKIP_INSTALL = YES;
				SWIFT_VERSION = 4.0;
				TARGETED_DEVICE_FAMILY = "1,2";
			};
			name = Release;
		};
/* End XCBuildConfiguration section */

/* Begin XCConfigurationList section */
		33B7A7782075E2EC00FA929C /* Build configuration list for PBXProject "Account TZ" */ = {
			isa = XCConfigurationList;
			buildConfigurations = (
				33B7A78D2075E2EC00FA929C /* Debug */,
				33B7A78E2075E2EC00FA929C /* Release */,
			);
			defaultConfigurationIsVisible = 0;
			defaultConfigurationName = Release;
		};
		33B7A78F2075E2EC00FA929C /* Build configuration list for PBXNativeTarget "Account TZ" */ = {
			isa = XCConfigurationList;
			buildConfigurations = (
				33B7A7902075E2EC00FA929C /* Debug */,
				33B7A7912075E2EC00FA929C /* Release */,
			);
			defaultConfigurationIsVisible = 0;
			defaultConfigurationName = Release;
		};
		33B7A7B12075E36200FA929C /* Build configuration list for PBXNativeTarget "ExtensionUI" */ = {
			isa = XCConfigurationList;
			buildConfigurations = (
				33B7A7B22075E36200FA929C /* Debug */,
				33B7A7B32075E36200FA929C /* Release */,
			);
			defaultConfigurationIsVisible = 0;
			defaultConfigurationName = Release;
		};
		33B7A7B42075E36200FA929C /* Build configuration list for PBXNativeTarget "Extension" */ = {
			isa = XCConfigurationList;
			buildConfigurations = (
				33B7A7B52075E36200FA929C /* Debug */,
				33B7A7B62075E36200FA929C /* Release */,
			);
			defaultConfigurationIsVisible = 0;
			defaultConfigurationName = Release;
		};
/* End XCConfigurationList section */
	};
	rootObject = 33B7A7752075E2EC00FA929C /* Project object */;
}
